
Microsoft Visual Studio Solution File, Format Version 12.00
# Visual Studio Version 16
VisualStudioVersion = 16.0.31424.327
MinimumVisualStudioVersion = 10.0.40219.1
Project("{FAE04EC0-301F-11D3-BF4B-00C04F79EFBC}") = "BMI Calc", "BMI Calc\BMI Calc.csproj", "{DDFFFCCB-BF4B-4621-84EF-D0C693723B9B}"
EndProject
Global
	GlobalSection(SolutionConfigurationPlatforms) = preSolution
		Debug|Any CPU = Debug|Any CPU
		Release|Any CPU = Release|Any CPU
	EndGlobalSection
	GlobalSection(ProjectConfigurationPlatforms) = postSolution
		{DDFFFCCB-BF4B-4621-84EF-D0C693723B9B}.Debug|Any CPU.ActiveCfg = Debug|Any CPU
		{DDFFFCCB-BF4B-4621-84EF-D0C693723B9B}.Debug|Any CPU.Build.0 = Debug|Any CPU
		{DDFFFCCB-BF4B-4621-84EF-D0C693723B9B}.Release|Any CPU.ActiveCfg = Release|Any CPU
		{DDFFFCCB-BF4B-4621-84EF-D0C693723B9B}.Release|Any CPU.Build.0 = Release|Any CPU
	EndGlobalSection
	GlobalSection(SolutionProperties) = preSolution
		HideSolutionNode = FALSE
	EndGlobalSection
	GlobalSection(ExtensibilityGlobals) = postSolution
		SolutionGuid = {C8FCBFEF-3241-441C-A26A-C05DD3AAF720}
	EndGlobalSection
EndGlobal
